
Microsoft Visual Studio Solution File, Format Version 12.00
# Visual Studio Version 17
VisualStudioVersion = 17.4.33213.308
MinimumVisualStudioVersion = 10.0.40219.1
Project("{FAE04EC0-301F-11D3-BF4B-00C04F79EFBC}") = "Blackout", "Blackout\Blackout.csproj", "{86F1A4EB-DF19-4BB6-871B-3A03E99B32E4}"
EndProject
Project("{2150E333-8FDC-42A3-9474-1A3956D46DE8}") = "Solution Items", "Solution Items", "{E841D40C-C5B6-4BDF-B7A1-C561BD216ADB}"
	ProjectSection(SolutionItems) = preProject
		.editorconfig = .editorconfig
	EndProjectSection
EndProject
Global
	GlobalSection(SolutionConfigurationPlatforms) = preSolution
		Debug|Any CPU = Debug|Any CPU
		Release|Any CPU = Release|Any CPU
	EndGlobalSection
	GlobalSection(ProjectConfigurationPlatforms) = postSolution
		{86F1A4EB-DF19-4BB6-871B-3A03E99B32E4}.Debug|Any CPU.ActiveCfg = Debug|Any CPU
		{86F1A4EB-DF19-4BB6-871B-3A03E99B32E4}.Debug|Any CPU.Build.0 = Debug|Any CPU
		{86F1A4EB-DF19-4BB6-871B-3A03E99B32E4}.Release|Any CPU.ActiveCfg = Release|Any CPU
		{86F1A4EB-DF19-4BB6-871B-3A03E99B32E4}.Release|Any CPU.Build.0 = Release|Any CPU
	EndGlobalSection
	GlobalSection(SolutionProperties) = preSolution
		HideSolutionNode = FALSE
	EndGlobalSection
	GlobalSection(ExtensibilityGlobals) = postSolution
		SolutionGuid = {F7EAE705-C6A0-4176-850E-EA8D06F40FFC}
	EndGlobalSection
EndGlobal
